// !$*UTF8*$!
{
	archiveVersion = 1;
	classes = {
	};
	objectVersion = 50;
	objects = {

/* Begin PBXBuildFile section */
		3117ED642206D93100E2168B /* sequence.csv in Resources */ = {isa = PBXBuildFile; fileRef = 3117ED632206D93100E2168B /* sequence.csv */; };
		3117ED7A2207510C00E2168B /* start.wav in Resources */ = {isa = PBXBuildFile; fileRef = 3117ED792207510C00E2168B /* start.wav */; };
		3117ED7C2207511C00E2168B /* button.png in Resources */ = {isa = PBXBuildFile; fileRef = 3117ED7B2207511C00E2168B /* button.png */; };
		3117ED8422075C3400E2168B /* DemoPhase.swift in Sources */ = {isa = PBXBuildFile; fileRef = 3117ED8322075C3400E2168B /* DemoPhase.swift */; };
		3117ED8622075C6400E2168B /* StudyPhase.swift in Sources */ = {isa = PBXBuildFile; fileRef = 3117ED8522075C6400E2168B /* StudyPhase.swift */; };
		3117ED8822075C6F00E2168B /* TestPhase.swift in Sources */ = {isa = PBXBuildFile; fileRef = 3117ED8722075C6F00E2168B /* TestPhase.swift */; };
		311BA7652211123300EA1665 /* border.png in Resources */ = {isa = PBXBuildFile; fileRef = 311BA7642211123300EA1665 /* border.png */; };
		31669CE92232238300321EE4 /* white.jpg in Resources */ = {isa = PBXBuildFile; fileRef = 31669CE82232238300321EE4 /* white.jpg */; };
		31804708221A4A4300FDF3C2 /* DemoPhaseTwo.swift in Sources */ = {isa = PBXBuildFile; fileRef = 31804707221A4A4300FDF3C2 /* DemoPhaseTwo.swift */; };
		31A18DB821BABA3E001A079B /* AppDelegate.swift in Sources */ = {isa = PBXBuildFile; fileRef = 31A18DB721BABA3E001A079B /* AppDelegate.swift */; };
		31A18DBA21BABA3E001A079B /* ViewController.swift in Sources */ = {isa = PBXBuildFile; fileRef = 31A18DB921BABA3E001A079B /* ViewController.swift */; };
		31A18DBD21BABA3E001A079B /* Main.storyboard in Resources */ = {isa = PBXBuildFile; fileRef = 31A18DBB21BABA3E001A079B /* Main.storyboard */; };
		31A18DBF21BABA40001A079B /* Assets.xcassets in Resources */ = {isa = PBXBuildFile; fileRef = 31A18DBE21BABA40001A079B /* Assets.xcassets */; };
		31A18DC221BABA40001A079B /* LaunchScreen.storyboard in Resources */ = {isa = PBXBuildFile; fileRef = 31A18DC021BABA40001A079B /* LaunchScreen.storyboard */; };
		31A644A6222E01B50066F7CB /* ding.mp3 in Resources */ = {isa = PBXBuildFile; fileRef = 31A644A5222E01B50066F7CB /* ding.mp3 */; };
		31A644A8222E058C0066F7CB /* crown.png in Resources */ = {isa = PBXBuildFile; fileRef = 31A644A7222E058C0066F7CB /* crown.png */; };
		31A644AA222E31B90066F7CB /* readysetgo.png in Resources */ = {isa = PBXBuildFile; fileRef = 31A644A9222E31B80066F7CB /* readysetgo.png */; };
		31A644AC222E31C20066F7CB /* stoppage.png in Resources */ = {isa = PBXBuildFile; fileRef = 31A644AB222E31C20066F7CB /* stoppage.png */; };
		31A644BE222E43920066F7CB /* arrow.png in Resources */ = {isa = PBXBuildFile; fileRef = 31A644BD222E43920066F7CB /* arrow.png */; };
		31A644C0222EC8E60066F7CB /* click.mp3 in Resources */ = {isa = PBXBuildFile; fileRef = 31A644BF222EC8E60066F7CB /* click.mp3 */; };
		31D768E221F2B9260054A245 /* Readme.swift in Sources */ = {isa = PBXBuildFile; fileRef = 31D768E121F2B9250054A245 /* Readme.swift */; };
		31E2AF4A22D6DA9300237665 /* group2.csv in Resources */ = {isa = PBXBuildFile; fileRef = 31E2AF2522D6DA9300237665 /* group2.csv */; };
		31E2AF4B22D6DA9300237665 /* group3.csv in Resources */ = {isa = PBXBuildFile; fileRef = 31E2AF2622D6DA9300237665 /* group3.csv */; };
		31E2AF4C22D6DA9300237665 /* group1.csv in Resources */ = {isa = PBXBuildFile; fileRef = 31E2AF2722D6DA9300237665 /* group1.csv */; };
		31E2AF4D22D6DA9300237665 /* Instructions.docx in Resources */ = {isa = PBXBuildFile; fileRef = 31E2AF2822D6DA9300237665 /* Instructions.docx */; };
		31E2AF4E22D6DA9300237665 /* group4.csv in Resources */ = {isa = PBXBuildFile; fileRef = 31E2AF2922D6DA9300237665 /* group4.csv */; };
		31E2AF4F22D6DA9300237665 /* group5.csv in Resources */ = {isa = PBXBuildFile; fileRef = 31E2AF2A22D6DA9300237665 /* group5.csv */; };
		31E2AF5022D6DA9300237665 /* group7.csv in Resources */ = {isa = PBXBuildFile; fileRef = 31E2AF2B22D6DA9300237665 /* group7.csv */; };
		31E2AF5122D6DA9300237665 /* group6.csv in Resources */ = {isa = PBXBuildFile; fileRef = 31E2AF2C22D6DA9300237665 /* group6.csv */; };
		31E2AF5222D6DA9300237665 /* practicecar_colour1.png in Resources */ = {isa = PBXBuildFile; fileRef = 31E2AF2D22D6DA9300237665 /* practicecar_colour1.png */; };
		31E2AF5322D6DA9300237665 /* Group 3 - Fake Data Example for Data Output.xls in Resources */ = {isa = PBXBuildFile; fileRef = 31E2AF2E22D6DA9300237665 /* Group 3 - Fake Data Example for Data Output.xls */; };
		31E2AF5422D6DA9300237665 /* practicecar_colour2.png in Resources */ = {isa = PBXBuildFile; fileRef = 31E2AF2F22D6DA9300237665 /* practicecar_colour2.png */; };
		31E2AF5522D6DA9300237665 /* practicecar_colour3.png in Resources */ = {isa = PBXBuildFile; fileRef = 31E2AF3022D6DA9300237665 /* practicecar_colour3.png */; };
		31E2AF5622D6DA9300237665 /* practicecar_colour7.png in Resources */ = {isa = PBXBuildFile; fileRef = 31E2AF3122D6DA9300237665 /* practicecar_colour7.png */; };
		31E2AF5722D6DA9300237665 /* practicecar_colour6.png in Resources */ = {isa = PBXBuildFile; fileRef = 31E2AF3222D6DA9300237665 /* practicecar_colour6.png */; };
		31E2AF5822D6DA9300237665 /* practicecar_colour1vscolour2.avi in Resources */ = {isa = PBXBuildFile; fileRef = 31E2AF3322D6DA9300237665 /* practicecar_colour1vscolour2.avi */; };
		31E2AF5922D6DA9300237665 /* practicecar_colour4.png in Resources */ = {isa = PBXBuildFile; fileRef = 31E2AF3422D6DA9300237665 /* practicecar_colour4.png */; };
		31E2AF5A22D6DA9300237665 /* car_colour8.png in Resources */ = {isa = PBXBuildFile; fileRef = 31E2AF3522D6DA9300237665 /* car_colour8.png */; };
		31E2AF5B22D6DA9300237665 /* car_colour9.png in Resources */ = {isa = PBXBuildFile; fileRef = 31E2AF3622D6DA9300237665 /* car_colour9.png */; };
		31E2AF5C22D6DA9300237665 /* practicecar_colour5.png in Resources */ = {isa = PBXBuildFile; fileRef = 31E2AF3722D6DA9300237665 /* practicecar_colour5.png */; };
		31E2AF5D22D6DA9300237665 /* group10.csv in Resources */ = {isa = PBXBuildFile; fileRef = 31E2AF3822D6DA9300237665 /* group10.csv */; };
		31E2AF5E22D6DA9300237665 /* practicecar_colour5vscolour6.avi in Resources */ = {isa = PBXBuildFile; fileRef = 31E2AF3922D6DA9300237665 /* practicecar_colour5vscolour6.avi */; };
		31E2AF5F22D6DA9300237665 /* practicecar_colour8.png in Resources */ = {isa = PBXBuildFile; fileRef = 31E2AF3A22D6DA9300237665 /* practicecar_colour8.png */; };
		31E2AF6022D6DA9300237665 /* car_colour4.png in Resources */ = {isa = PBXBuildFile; fileRef = 31E2AF3B22D6DA9300237665 /* car_colour4.png */; };
		31E2AF6122D6DA9300237665 /* car_colour5.png in Resources */ = {isa = PBXBuildFile; fileRef = 31E2AF3C22D6DA9300237665 /* car_colour5.png */; };
		31E2AF6222D6DA9300237665 /* practicecar_colour7vscolour8.avi in Resources */ = {isa = PBXBuildFile; fileRef = 31E2AF3D22D6DA9300237665 /* practicecar_colour7vscolour8.avi */; };
		31E2AF6322D6DA9300237665 /* practicecar_colour9.png in Resources */ = {isa = PBXBuildFile; fileRef = 31E2AF3E22D6DA9300237665 /* practicecar_colour9.png */; };
		31E2AF6422D6DA9300237665 /* car_colour7.png in Resources */ = {isa = PBXBuildFile; fileRef = 31E2AF3F22D6DA9300237665 /* car_colour7.png */; };
		31E2AF6522D6DA9300237665 /* car_colour6.png in Resources */ = {isa = PBXBuildFile; fileRef = 31E2AF4022D6DA9300237665 /* car_colour6.png */; };
		31E2AF6622D6DA9300237665 /* car_colour2.png in Resources */ = {isa = PBXBuildFile; fileRef = 31E2AF4122D6DA9300237665 /* car_colour2.png */; };
		31E2AF6722D6DA9300237665 /* car_colour3.png in Resources */ = {isa = PBXBuildFile; fileRef = 31E2AF4222D6DA9300237665 /* car_colour3.png */; };
		31E2AF6822D6DA9300237665 /* practicecar_colour3vscolour4.avi in Resources */ = {isa = PBXBuildFile; fileRef = 31E2AF4322D6DA9300237665 /* practicecar_colour3vscolour4.avi */; };
		31E2AF6922D6DA9300237665 /* car_colour1.png in Resources */ = {isa = PBXBuildFile; fileRef = 31E2AF4422D6DA9300237665 /* car_colour1.png */; };
		31E2AF6A22D6DA9300237665 /* car_colour10.png in Resources */ = {isa = PBXBuildFile; fileRef = 31E2AF4522D6DA9300237665 /* car_colour10.png */; };
		31E2AF6B22D6DA9300237665 /* group8.csv in Resources */ = {isa = PBXBuildFile; fileRef = 31E2AF4622D6DA9300237665 /* group8.csv */; };
		31E2AF6C22D6DA9300237665 /* practicecar_colour10.png in Resources */ = {isa = PBXBuildFile; fileRef = 31E2AF4722D6DA9300237665 /* practicecar_colour10.png */; };
		31E2AF6D22D6DA9300237665 /* group9.csv in Resources */ = {isa = PBXBuildFile; fileRef = 31E2AF4822D6DA9300237665 /* group9.csv */; };
		31E2AF6E22D6DA9300237665 /* practicecar_colour9vscolour10.avi in Resources */ = {isa = PBXBuildFile; fileRef = 31E2AF4922D6DA9300237665 /* practicecar_colour9vscolour10.avi */; };
/* End PBXBuildFile section */

/* Begin PBXFileReference section */
		3117ED632206D93100E2168B /* sequence.csv */ = {isa = PBXFileReference; fileEncoding = 4; lastKnownFileType = text; path = sequence.csv; sourceTree = "<group>"; };
		3117ED792207510C00E2168B /* start.wav */ = {isa = PBXFileReference; lastKnownFileType = audio.wav; path = start.wav; sourceTree = "<group>"; };
		3117ED7B2207511C00E2168B /* button.png */ = {isa = PBXFileReference; lastKnownFileType = image.png; path = button.png; sourceTree = "<group>"; };
		3117ED8322075C3400E2168B /* DemoPhase.swift */ = {isa = PBXFileReference; lastKnownFileType = sourcecode.swift; path = DemoPhase.swift; sourceTree = "<group>"; };
		3117ED8522075C6400E2168B /* StudyPhase.swift */ = {isa = PBXFileReference; lastKnownFileType = sourcecode.swift; path = StudyPhase.swift; sourceTree = "<group>"; };
		3117ED8722075C6F00E2168B /* TestPhase.swift */ = {isa = PBXFileReference; lastKnownFileType = sourcecode.swift; path = TestPhase.swift; sourceTree = "<group>"; };
		311BA7642211123300EA1665 /* border.png */ = {isa = PBXFileReference; lastKnownFileType = image.png; path = border.png; sourceTree = "<group>"; };
		31669CE82232238300321EE4 /* white.jpg */ = {isa = PBXFileReference; lastKnownFileType = image.jpeg; path = white.jpg; sourceTree = "<group>"; };
		31804707221A4A4300FDF3C2 /* DemoPhaseTwo.swift */ = {isa = PBXFileReference; lastKnownFileType = sourcecode.swift; path = DemoPhaseTwo.swift; sourceTree = "<group>"; };
		31A18DB421BABA3E001A079B /* JuliaCarsExperiment.app */ = {isa = PBXFileReference; explicitFileType = wrapper.application; includeInIndex = 0; path = JuliaCarsExperiment.app; sourceTree = BUILT_PRODUCTS_DIR; };
		31A18DB721BABA3E001A079B /* AppDelegate.swift */ = {isa = PBXFileReference; lastKnownFileType = sourcecode.swift; path = AppDelegate.swift; sourceTree = "<group>"; };
		31A18DB921BABA3E001A079B /* ViewController.swift */ = {isa = PBXFileReference; lastKnownFileType = sourcecode.swift; path = ViewController.swift; sourceTree = "<group>"; };
		31A18DBC21BABA3E001A079B /* Base */ = {isa = PBXFileReference; lastKnownFileType = file.storyboard; name = Base; path = Base.lproj/Main.storyboard; sourceTree = "<group>"; };
		31A18DBE21BABA40001A079B /* Assets.xcassets */ = {isa = PBXFileReference; lastKnownFileType = folder.assetcatalog; path = Assets.xcassets; sourceTree = "<group>"; };
		31A18DC121BABA40001A079B /* Base */ = {isa = PBXFileReference; lastKnownFileType = file.storyboard; name = Base; path = Base.lproj/LaunchScreen.storyboard; sourceTree = "<group>"; };
		31A18DC321BABA40001A079B /* Info.plist */ = {isa = PBXFileReference; lastKnownFileType = text.plist.xml; path = Info.plist; sourceTree = "<group>"; };
		31A644A5222E01B50066F7CB /* ding.mp3 */ = {isa = PBXFileReference; lastKnownFileType = audio.mp3; path = ding.mp3; sourceTree = "<group>"; };
		31A644A7222E058C0066F7CB /* crown.png */ = {isa = PBXFileReference; lastKnownFileType = image.png; path = crown.png; sourceTree = "<group>"; };
		31A644A9222E31B80066F7CB /* readysetgo.png */ = {isa = PBXFileReference; lastKnownFileType = image.png; path = readysetgo.png; sourceTree = "<group>"; };
		31A644AB222E31C20066F7CB /* stoppage.png */ = {isa = PBXFileReference; lastKnownFileType = image.png; path = stoppage.png; sourceTree = "<group>"; };
		31A644BD222E43920066F7CB /* arrow.png */ = {isa = PBXFileReference; lastKnownFileType = image.png; path = arrow.png; sourceTree = "<group>"; };
		31A644BF222EC8E60066F7CB /* click.mp3 */ = {isa = PBXFileReference; lastKnownFileType = audio.mp3; path = click.mp3; sourceTree = "<group>"; };
		31D768E121F2B9250054A245 /* Readme.swift */ = {isa = PBXFileReference; lastKnownFileType = sourcecode.swift; path = Readme.swift; sourceTree = "<group>"; };
		31E2AF2522D6DA9300237665 /* group2.csv */ = {isa = PBXFileReference; fileEncoding = 4; lastKnownFileType = text; path = group2.csv; sourceTree = "<group>"; };
		31E2AF2622D6DA9300237665 /* group3.csv */ = {isa = PBXFileReference; fileEncoding = 4; lastKnownFileType = text; path = group3.csv; sourceTree = "<group>"; };
		31E2AF2722D6DA9300237665 /* group1.csv */ = {isa = PBXFileReference; fileEncoding = 4; lastKnownFileType = text; path = group1.csv; sourceTree = "<group>"; };
		31E2AF2822D6DA9300237665 /* Instructions.docx */ = {isa = PBXFileReference; lastKnownFileType = file; path = Instructions.docx; sourceTree = "<group>"; };
		31E2AF2922D6DA9300237665 /* group4.csv */ = {isa = PBXFileReference; fileEncoding = 4; lastKnownFileType = text; path = group4.csv; sourceTree = "<group>"; };
		31E2AF2A22D6DA9300237665 /* group5.csv */ = {isa = PBXFileReference; fileEncoding = 4; lastKnownFileType = text; path = group5.csv; sourceTree = "<group>"; };
		31E2AF2B22D6DA9300237665 /* group7.csv */ = {isa = PBXFileReference; fileEncoding = 4; lastKnownFileType = text; path = group7.csv; sourceTree = "<group>"; };
		31E2AF2C22D6DA9300237665 /* group6.csv */ = {isa = PBXFileReference; fileEncoding = 4; lastKnownFileType = text; path = group6.csv; sourceTree = "<group>"; };
		31E2AF2D22D6DA9300237665 /* practicecar_colour1.png */ = {isa = PBXFileReference; lastKnownFileType = image.png; path = practicecar_colour1.png; sourceTree = "<group>"; };
		31E2AF2E22D6DA9300237665 /* Group 3 - Fake Data Example for Data Output.xls */ = {isa = PBXFileReference; fileEncoding = 4; lastKnownFileType = text; path = "Group 3 - Fake Data Example for Data Output.xls"; sourceTree = "<group>"; };
		31E2AF2F22D6DA9300237665 /* practicecar_colour2.png */ = {isa = PBXFileReference; lastKnownFileType = image.png; path = practicecar_colour2.png; sourceTree = "<group>"; };
		31E2AF3022D6DA9300237665 /* practicecar_colour3.png */ = {isa = PBXFileReference; lastKnownFileType = image.png; path = practicecar_colour3.png; sourceTree = "<group>"; };
		31E2AF3122D6DA9300237665 /* practicecar_colour7.png */ = {isa = PBXFileReference; lastKnownFileType = image.png; path = practicecar_colour7.png; sourceTree = "<group>"; };
		31E2AF3222D6DA9300237665 /* practicecar_colour6.png */ = {isa = PBXFileReference; lastKnownFileType = image.png; path = practicecar_colour6.png; sourceTree = "<group>"; };
		31E2AF3322D6DA9300237665 /* practicecar_colour1vscolour2.avi */ = {isa = PBXFileReference; lastKnownFileType = video.avi; path = practicecar_colour1vscolour2.avi; sourceTree = "<group>"; };
		31E2AF3422D6DA9300237665 /* practicecar_colour4.png */ = {isa = PBXFileReference; lastKnownFileType = image.png; path = practicecar_colour4.png; sourceTree = "<group>"; };
		31E2AF3522D6DA9300237665 /* car_colour8.png */ = {isa = PBXFileReference; lastKnownFileType = image.png; path = car_colour8.png; sourceTree = "<group>"; };
		31E2AF3622D6DA9300237665 /* car_colour9.png */ = {isa = PBXFileReference; lastKnownFileType = image.png; path = car_colour9.png; sourceTree = "<group>"; };
		31E2AF3722D6DA9300237665 /* practicecar_colour5.png */ = {isa = PBXFileReference; lastKnownFileType = image.png; path = practicecar_colour5.png; sourceTree = "<group>"; };
		31E2AF3822D6DA9300237665 /* group10.csv */ = {isa = PBXFileReference; fileEncoding = 4; lastKnownFileType = text; path = group10.csv; sourceTree = "<group>"; };
		31E2AF3922D6DA9300237665 /* practicecar_colour5vscolour6.avi */ = {isa = PBXFileReference; lastKnownFileType = video.avi; path = practicecar_colour5vscolour6.avi; sourceTree = "<group>"; };
		31E2AF3A22D6DA9300237665 /* practicecar_colour8.png */ = {isa = PBXFileReference; lastKnownFileType = image.png; path = practicecar_colour8.png; sourceTree = "<group>"; };
		31E2AF3B22D6DA9300237665 /* car_colour4.png */ = {isa = PBXFileReference; lastKnownFileType = image.png; path = car_colour4.png; sourceTree = "<group>"; };
		31E2AF3C22D6DA9300237665 /* car_colour5.png */ = {isa = PBXFileReference; lastKnownFileType = image.png; path = car_colour5.png; sourceTree = "<group>"; };
		31E2AF3D22D6DA9300237665 /* practicecar_colour7vscolour8.avi */ = {isa = PBXFileReference; lastKnownFileType = video.avi; path = practicecar_colour7vscolour8.avi; sourceTree = "<group>"; };
		31E2AF3E22D6DA9300237665 /* practicecar_colour9.png */ = {isa = PBXFileReference; lastKnownFileType = image.png; path = practicecar_colour9.png; sourceTree = "<group>"; };
		31E2AF3F22D6DA9300237665 /* car_colour7.png */ = {isa = PBXFileReference; lastKnownFileType = image.png; path = car_colour7.png; sourceTree = "<group>"; };
		31E2AF4022D6DA9300237665 /* car_colour6.png */ = {isa = PBXFileReference; lastKnownFileType = image.png; path = car_colour6.png; sourceTree = "<group>"; };
		31E2AF4122D6DA9300237665 /* car_colour2.png */ = {isa = PBXFileReference; lastKnownFileType = image.png; path = car_colour2.png; sourceTree = "<group>"; };
		31E2AF4222D6DA9300237665 /* car_colour3.png */ = {isa = PBXFileReference; lastKnownFileType = image.png; path = car_colour3.png; sourceTree = "<group>"; };
		31E2AF4322D6DA9300237665 /* practicecar_colour3vscolour4.avi */ = {isa = PBXFileReference; lastKnownFileType = video.avi; path = practicecar_colour3vscolour4.avi; sourceTree = "<group>"; };
		31E2AF4422D6DA9300237665 /* car_colour1.png */ = {isa = PBXFileReference; lastKnownFileType = image.png; path = car_colour1.png; sourceTree = "<group>"; };
		31E2AF4522D6DA9300237665 /* car_colour10.png */ = {isa = PBXFileReference; lastKnownFileType = image.png; path = car_colour10.png; sourceTree = "<group>"; };
		31E2AF4622D6DA9300237665 /* group8.csv */ = {isa = PBXFileReference; fileEncoding = 4; lastKnownFileType = text; path = group8.csv; sourceTree = "<group>"; };
		31E2AF4722D6DA9300237665 /* practicecar_colour10.png */ = {isa = PBXFileReference; lastKnownFileType = image.png; path = practicecar_colour10.png; sourceTree = "<group>"; };
		31E2AF4822D6DA9300237665 /* group9.csv */ = {isa = PBXFileReference; fileEncoding = 4; lastKnownFileType = text; path = group9.csv; sourceTree = "<group>"; };
		31E2AF4922D6DA9300237665 /* practicecar_colour9vscolour10.avi */ = {isa = PBXFileReference; lastKnownFileType = video.avi; path = practicecar_colour9vscolour10.avi; sourceTree = "<group>"; };
/* End PBXFileReference section */

/* Begin PBXFrameworksBuildPhase section */
		31A18DB121BABA3E001A079B /* Frameworks */ = {
			isa = PBXFrameworksBuildPhase;
			buildActionMask = 2147483647;
			files = (
			);
			runOnlyForDeploymentPostprocessing = 0;
		};
/* End PBXFrameworksBuildPhase section */

/* Begin PBXGroup section */
		31A18DAB21BABA3E001A079B = {
			isa = PBXGroup;
			children = (
				31D768E121F2B9250054A245 /* Readme.swift */,
				31A18DB621BABA3E001A079B /* JuliaCarsExperiment */,
				31A18DB521BABA3E001A079B /* Products */,
			);
			sourceTree = "<group>";
		};
		31A18DB521BABA3E001A079B /* Products */ = {
			isa = PBXGroup;
			children = (
				31A18DB421BABA3E001A079B /* JuliaCarsExperiment.app */,
			);
			name = Products;
			sourceTree = "<group>";
		};
		31A18DB621BABA3E001A079B /* JuliaCarsExperiment */ = {
			isa = PBXGroup;
			children = (
				31A18DB921BABA3E001A079B /* ViewController.swift */,
				3117ED8322075C3400E2168B /* DemoPhase.swift */,
				3117ED8522075C6400E2168B /* StudyPhase.swift */,
				31804707221A4A4300FDF3C2 /* DemoPhaseTwo.swift */,
				3117ED8722075C6F00E2168B /* TestPhase.swift */,
				31E2AF2422D6DA9300237665 /* data */,
				31A644BF222EC8E60066F7CB /* click.mp3 */,
				31A644A5222E01B50066F7CB /* ding.mp3 */,
				3117ED7B2207511C00E2168B /* button.png */,
				3117ED632206D93100E2168B /* sequence.csv */,
				3117ED792207510C00E2168B /* start.wav */,
				31A644A7222E058C0066F7CB /* crown.png */,
				31A644A9222E31B80066F7CB /* readysetgo.png */,
				31A644AB222E31C20066F7CB /* stoppage.png */,
				31A644BD222E43920066F7CB /* arrow.png */,
				31669CE82232238300321EE4 /* white.jpg */,
				31A18DB721BABA3E001A079B /* AppDelegate.swift */,
				31A18DBB21BABA3E001A079B /* Main.storyboard */,
				311BA7642211123300EA1665 /* border.png */,
				31A18DBE21BABA40001A079B /* Assets.xcassets */,
				31A18DC021BABA40001A079B /* LaunchScreen.storyboard */,
				31A18DC321BABA40001A079B /* Info.plist */,
			);
			path = JuliaCarsExperiment;
			sourceTree = "<group>";
		};
		31E2AF2422D6DA9300237665 /* data */ = {
			isa = PBXGroup;
			children = (
				31E2AF2522D6DA9300237665 /* group2.csv */,
				31E2AF2622D6DA9300237665 /* group3.csv */,
				31E2AF2722D6DA9300237665 /* group1.csv */,
				31E2AF2822D6DA9300237665 /* Instructions.docx */,
				31E2AF2922D6DA9300237665 /* group4.csv */,
				31E2AF2A22D6DA9300237665 /* group5.csv */,
				31E2AF2B22D6DA9300237665 /* group7.csv */,
				31E2AF2C22D6DA9300237665 /* group6.csv */,
				31E2AF2D22D6DA9300237665 /* practicecar_colour1.png */,
				31E2AF2E22D6DA9300237665 /* Group 3 - Fake Data Example for Data Output.xls */,
				31E2AF2F22D6DA9300237665 /* practicecar_colour2.png */,
				31E2AF3022D6DA9300237665 /* practicecar_colour3.png */,
				31E2AF3122D6DA9300237665 /* practicecar_colour7.png */,
				31E2AF3222D6DA9300237665 /* practicecar_colour6.png */,
				31E2AF3322D6DA9300237665 /* practicecar_colour1vscolour2.avi */,
				31E2AF3422D6DA9300237665 /* practicecar_colour4.png */,
				31E2AF3522D6DA9300237665 /* car_colour8.png */,
				31E2AF3622D6DA9300237665 /* car_colour9.png */,
				31E2AF3722D6DA9300237665 /* practicecar_colour5.png */,
				31E2AF3822D6DA9300237665 /* group10.csv */,
				31E2AF3922D6DA9300237665 /* practicecar_colour5vscolour6.avi */,
				31E2AF3A22D6DA9300237665 /* practicecar_colour8.png */,
				31E2AF3B22D6DA9300237665 /* car_colour4.png */,
				31E2AF3C22D6DA9300237665 /* car_colour5.png */,
				31E2AF3D22D6DA9300237665 /* practicecar_colour7vscolour8.avi */,
				31E2AF3E22D6DA9300237665 /* practicecar_colour9.png */,
				31E2AF3F22D6DA9300237665 /* car_colour7.png */,
				31E2AF4022D6DA9300237665 /* car_colour6.png */,
				31E2AF4122D6DA9300237665 /* car_colour2.png */,
				31E2AF4222D6DA9300237665 /* car_colour3.png */,
				31E2AF4322D6DA9300237665 /* practicecar_colour3vscolour4.avi */,
				31E2AF4422D6DA9300237665 /* car_colour1.png */,
				31E2AF4522D6DA9300237665 /* car_colour10.png */,
				31E2AF4622D6DA9300237665 /* group8.csv */,
				31E2AF4722D6DA9300237665 /* practicecar_colour10.png */,
				31E2AF4822D6DA9300237665 /* group9.csv */,
				31E2AF4922D6DA9300237665 /* practicecar_colour9vscolour10.avi */,
			);
			path = data;
			sourceTree = "<group>";
		};
/* End PBXGroup section */

/* Begin PBXNativeTarget section */
		31A18DB321BABA3E001A079B /* JuliaCarsExperiment */ = {
			isa = PBXNativeTarget;
			buildConfigurationList = 31A18DC621BABA40001A079B /* Build configuration list for PBXNativeTarget "JuliaCarsExperiment" */;
			buildPhases = (
				31A18DB021BABA3E001A079B /* Sources */,
				31A18DB121BABA3E001A079B /* Frameworks */,
				31A18DB221BABA3E001A079B /* Resources */,
			);
			buildRules = (
			);
			dependencies = (
			);
			name = JuliaCarsExperiment;
			productName = JuliaCarsExperiment;
			productReference = 31A18DB421BABA3E001A079B /* JuliaCarsExperiment.app */;
			productType = "com.apple.product-type.application";
		};
/* End PBXNativeTarget section */

/* Begin PBXProject section */
		31A18DAC21BABA3E001A079B /* Project object */ = {
			isa = PBXProject;
			attributes = {
				LastSwiftUpdateCheck = 1010;
				LastUpgradeCheck = 1010;
				ORGANIZATIONNAME = "Budding Minds Admin";
				TargetAttributes = {
					31A18DB321BABA3E001A079B = {
						CreatedOnToolsVersion = 10.1;
					};
				};
			};
			buildConfigurationList = 31A18DAF21BABA3E001A079B /* Build configuration list for PBXProject "JuliaCarsExperiment" */;
			compatibilityVersion = "Xcode 9.3";
			developmentRegion = en;
			hasScannedForEncodings = 0;
			knownRegions = (
				en,
				Base,
			);
			mainGroup = 31A18DAB21BABA3E001A079B;
			productRefGroup = 31A18DB521BABA3E001A079B /* Products */;
			projectDirPath = "";
			projectRoot = "";
			targets = (
				31A18DB321BABA3E001A079B /* JuliaCarsExperiment */,
			);
		};
/* End PBXProject section */

/* Begin PBXResourcesBuildPhase section */
		31A18DB221BABA3E001A079B /* Resources */ = {
			isa = PBXResourcesBuildPhase;
			buildActionMask = 2147483647;
			files = (
				31E2AF6122D6DA9300237665 /* car_colour5.png in Resources */,
				31E2AF6A22D6DA9300237665 /* car_colour10.png in Resources */,
				31E2AF5722D6DA9300237665 /* practicecar_colour6.png in Resources */,
				31E2AF5322D6DA9300237665 /* Group 3 - Fake Data Example for Data Output.xls in Resources */,
				31A644C0222EC8E60066F7CB /* click.mp3 in Resources */,
				31E2AF5622D6DA9300237665 /* practicecar_colour7.png in Resources */,
				31E2AF5B22D6DA9300237665 /* car_colour9.png in Resources */,
				31E2AF5A22D6DA9300237665 /* car_colour8.png in Resources */,
				3117ED7C2207511C00E2168B /* button.png in Resources */,
				31A644A6222E01B50066F7CB /* ding.mp3 in Resources */,
				31E2AF6022D6DA9300237665 /* car_colour4.png in Resources */,
				31E2AF6222D6DA9300237665 /* practicecar_colour7vscolour8.avi in Resources */,
				31E2AF4C22D6DA9300237665 /* group1.csv in Resources */,
				31E2AF6C22D6DA9300237665 /* practicecar_colour10.png in Resources */,
				31E2AF6D22D6DA9300237665 /* group9.csv in Resources */,
				31E2AF6422D6DA9300237665 /* car_colour7.png in Resources */,
				31A644AA222E31B90066F7CB /* readysetgo.png in Resources */,
				31E2AF4B22D6DA9300237665 /* group3.csv in Resources */,
				31E2AF6822D6DA9300237665 /* practicecar_colour3vscolour4.avi in Resources */,
				31E2AF4A22D6DA9300237665 /* group2.csv in Resources */,
				31E2AF4E22D6DA9300237665 /* group4.csv in Resources */,
				31E2AF6922D6DA9300237665 /* car_colour1.png in Resources */,
				31E2AF5022D6DA9300237665 /* group7.csv in Resources */,
				31A644BE222E43920066F7CB /* arrow.png in Resources */,
				31E2AF5E22D6DA9300237665 /* practicecar_colour5vscolour6.avi in Resources */,
				31E2AF5822D6DA9300237665 /* practicecar_colour1vscolour2.avi in Resources */,
				31E2AF5222D6DA9300237665 /* practicecar_colour1.png in Resources */,
				31E2AF6B22D6DA9300237665 /* group8.csv in Resources */,
				31E2AF5C22D6DA9300237665 /* practicecar_colour5.png in Resources */,
				31A644A8222E058C0066F7CB /* crown.png in Resources */,
				31E2AF5522D6DA9300237665 /* practicecar_colour3.png in Resources */,
				31A18DC221BABA40001A079B /* LaunchScreen.storyboard in Resources */,
				311BA7652211123300EA1665 /* border.png in Resources */,
				31E2AF5122D6DA9300237665 /* group6.csv in Resources */,
				31A644AC222E31C20066F7CB /* stoppage.png in Resources */,
				31E2AF4D22D6DA9300237665 /* Instructions.docx in Resources */,
				31E2AF5F22D6DA9300237665 /* practicecar_colour8.png in Resources */,
				31E2AF4F22D6DA9300237665 /* group5.csv in Resources */,
				31E2AF6322D6DA9300237665 /* practicecar_colour9.png in Resources */,
				31E2AF6E22D6DA9300237665 /* practicecar_colour9vscolour10.avi in Resources */,
				3117ED7A2207510C00E2168B /* start.wav in Resources */,
				31669CE92232238300321EE4 /* white.jpg in Resources */,
				3117ED642206D93100E2168B /* sequence.csv in Resources */,
				31E2AF5D22D6DA9300237665 /* group10.csv in Resources */,
				31E2AF5922D6DA9300237665 /* practicecar_colour4.png in Resources */,
				31A18DBF21BABA40001A079B /* Assets.xcassets in Resources */,
				31E2AF6522D6DA9300237665 /* car_colour6.png in Resources */,
				31E2AF5422D6DA9300237665 /* practicecar_colour2.png in Resources */,
				31A18DBD21BABA3E001A079B /* Main.storyboard in Resources */,
				31E2AF6722D6DA9300237665 /* car_colour3.png in Resources */,
				31E2AF6622D6DA9300237665 /* car_colour2.png in Resources */,
			);
			runOnlyForDeploymentPostprocessing = 0;
		};
/* End PBXResourcesBuildPhase section */

/* Begin PBXSourcesBuildPhase section */
		31A18DB021BABA3E001A079B /* Sources */ = {
			isa = PBXSourcesBuildPhase;
			buildActionMask = 2147483647;
			files = (
				31A18DBA21BABA3E001A079B /* ViewController.swift in Sources */,
				3117ED8622075C6400E2168B /* StudyPhase.swift in Sources */,
				31D768E221F2B9260054A245 /* Readme.swift in Sources */,
				31804708221A4A4300FDF3C2 /* DemoPhaseTwo.swift in Sources */,
				31A18DB821BABA3E001A079B /* AppDelegate.swift in Sources */,
				3117ED8422075C3400E2168B /* DemoPhase.swift in Sources */,
				3117ED8822075C6F00E2168B /* TestPhase.swift in Sources */,
			);
			runOnlyForDeploymentPostprocessing = 0;
		};
/* End PBXSourcesBuildPhase section */

/* Begin PBXVariantGroup section */
		31A18DBB21BABA3E001A079B /* Main.storyboard */ = {
			isa = PBXVariantGroup;
			children = (
				31A18DBC21BABA3E001A079B /* Base */,
			);
			name = Main.storyboard;
			sourceTree = "<group>";
		};
		31A18DC021BABA40001A079B /* LaunchScreen.storyboard */ = {
			isa = PBXVariantGroup;
			children = (
				31A18DC121BABA40001A079B /* Base */,
			);
			name = LaunchScreen.storyboard;
			sourceTree = "<group>";
		};
/* End PBXVariantGroup section */

/* Begin XCBuildConfiguration section */
		31A18DC421BABA40001A079B /* Debug */ = {
			isa = XCBuildConfiguration;
			buildSettings = {
				ALWAYS_SEARCH_USER_PATHS = NO;
				CLANG_ANALYZER_NONNULL = YES;
				CLANG_ANALYZER_NUMBER_OBJECT_CONVERSION = YES_AGGRESSIVE;
				CLANG_CXX_LANGUAGE_STANDARD = "gnu++14";
				CLANG_CXX_LIBRARY = "libc++";
				CLANG_ENABLE_MODULES = YES;
				CLANG_ENABLE_OBJC_ARC = YES;
				CLANG_ENABLE_OBJC_WEAK = YES;
				CLANG_WARN_BLOCK_CAPTURE_AUTORELEASING = YES;
				CLANG_WARN_BOOL_CONVERSION = YES;
				CLANG_WARN_COMMA = YES;
				CLANG_WARN_CONSTANT_CONVERSION = YES;
				CLANG_WARN_DEPRECATED_OBJC_IMPLEMENTATIONS = YES;
				CLANG_WARN_DIRECT_OBJC_ISA_USAGE = YES_ERROR;
				CLANG_WARN_DOCUMENTATION_COMMENTS = YES;
				CLANG_WARN_EMPTY_BODY = YES;
				CLANG_WARN_ENUM_CONVERSION = YES;
				CLANG_WARN_INFINITE_RECURSION = YES;
				CLANG_WARN_INT_CONVERSION = YES;
				CLANG_WARN_NON_LITERAL_NULL_CONVERSION = YES;
				CLANG_WARN_OBJC_IMPLICIT_RETAIN_SELF = YES;
				CLANG_WARN_OBJC_LITERAL_CONVERSION = YES;
				CLANG_WARN_OBJC_ROOT_CLASS = YES_ERROR;
				CLANG_WARN_RANGE_LOOP_ANALYSIS = YES;
				CLANG_WARN_STRICT_PROTOTYPES = YES;
				CLANG_WARN_SUSPICIOUS_MOVE = YES;
				CLANG_WARN_UNGUARDED_AVAILABILITY = YES_AGGRESSIVE;
				CLANG_WARN_UNREACHABLE_CODE = YES;
				CLANG_WARN__DUPLICATE_METHOD_MATCH = YES;
				CODE_SIGN_IDENTITY = "iPhone Developer";
				COPY_PHASE_STRIP = NO;
				DEBUG_INFORMATION_FORMAT = dwarf;
				ENABLE_STRICT_OBJC_MSGSEND = YES;
				ENABLE_TESTABILITY = YES;
				GCC_C_LANGUAGE_STANDARD = gnu11;
				GCC_DYNAMIC_NO_PIC = NO;
				GCC_NO_COMMON_BLOCKS = YES;
				GCC_OPTIMIZATION_LEVEL = 0;
				GCC_PREPROCESSOR_DEFINITIONS = (
					"DEBUG=1",
					"$(inherited)",
				);
				GCC_WARN_64_TO_32_BIT_CONVERSION = YES;
				GCC_WARN_ABOUT_RETURN_TYPE = YES_ERROR;
				GCC_WARN_UNDECLARED_SELECTOR = YES;
				GCC_WARN_UNINITIALIZED_AUTOS = YES_AGGRESSIVE;
				GCC_WARN_UNUSED_FUNCTION = YES;
				GCC_WARN_UNUSED_VARIABLE = YES;
				IPHONEOS_DEPLOYMENT_TARGET = 12.1;
				MTL_ENABLE_DEBUG_INFO = INCLUDE_SOURCE;
				MTL_FAST_MATH = YES;
				ONLY_ACTIVE_ARCH = YES;
				SDKROOT = iphoneos;
				SWIFT_ACTIVE_COMPILATION_CONDITIONS = DEBUG;
				SWIFT_OPTIMIZATION_LEVEL = "-Onone";
			};
			name = Debug;
		};
		31A18DC521BABA40001A079B /* Release */ = {
			isa = XCBuildConfiguration;
			buildSettings = {
				ALWAYS_SEARCH_USER_PATHS = NO;
				CLANG_ANALYZER_NONNULL = YES;
				CLANG_ANALYZER_NUMBER_OBJECT_CONVERSION = YES_AGGRESSIVE;
				CLANG_CXX_LANGUAGE_STANDARD = "gnu++14";
				CLANG_CXX_LIBRARY = "libc++";
				CLANG_ENABLE_MODULES = YES;
				CLANG_ENABLE_OBJC_ARC = YES;
				CLANG_ENABLE_OBJC_WEAK = YES;
				CLANG_WARN_BLOCK_CAPTURE_AUTORELEASING = YES;
				CLANG_WARN_BOOL_CONVERSION = YES;
				CLANG_WARN_COMMA = YES;
				CLANG_WARN_CONSTANT_CONVERSION = YES;
				CLANG_WARN_DEPRECATED_OBJC_IMPLEMENTATIONS = YES;
				CLANG_WARN_DIRECT_OBJC_ISA_USAGE = YES_ERROR;
				CLANG_WARN_DOCUMENTATION_COMMENTS = YES;
				CLANG_WARN_EMPTY_BODY = YES;
				CLANG_WARN_ENUM_CONVERSION = YES;
				CLANG_WARN_INFINITE_RECURSION = YES;
				CLANG_WARN_INT_CONVERSION = YES;
				CLANG_WARN_NON_LITERAL_NULL_CONVERSION = YES;
				CLANG_WARN_OBJC_IMPLICIT_RETAIN_SELF = YES;
				CLANG_WARN_OBJC_LITERAL_CONVERSION = YES;
				CLANG_WARN_OBJC_ROOT_CLASS = YES_ERROR;
				CLANG_WARN_RANGE_LOOP_ANALYSIS = YES;
				CLANG_WARN_STRICT_PROTOTYPES = YES;
				CLANG_WARN_SUSPICIOUS_MOVE = YES;
				CLANG_WARN_UNGUARDED_AVAILABILITY = YES_AGGRESSIVE;
				CLANG_WARN_UNREACHABLE_CODE = YES;
				CLANG_WARN__DUPLICATE_METHOD_MATCH = YES;
				CODE_SIGN_IDENTITY = "iPhone Developer";
				COPY_PHASE_STRIP = NO;
				DEBUG_INFORMATION_FORMAT = "dwarf-with-dsym";
				ENABLE_NS_ASSERTIONS = NO;
				ENABLE_STRICT_OBJC_MSGSEND = YES;
				GCC_C_LANGUAGE_STANDARD = gnu11;
				GCC_NO_COMMON_BLOCKS = YES;
				GCC_WARN_64_TO_32_BIT_CONVERSION = YES;
				GCC_WARN_ABOUT_RETURN_TYPE = YES_ERROR;
				GCC_WARN_UNDECLARED_SELECTOR = YES;
				GCC_WARN_UNINITIALIZED_AUTOS = YES_AGGRESSIVE;
				GCC_WARN_UNUSED_FUNCTION = YES;
				GCC_WARN_UNUSED_VARIABLE = YES;
				IPHONEOS_DEPLOYMENT_TARGET = 12.1;
				MTL_ENABLE_DEBUG_INFO = NO;
				MTL_FAST_MATH = YES;
				SDKROOT = iphoneos;
				SWIFT_COMPILATION_MODE = wholemodule;
				SWIFT_OPTIMIZATION_LEVEL = "-O";
				VALIDATE_PRODUCT = YES;
			};
			name = Release;
		};
		31A18DC721BABA40001A079B /* Debug */ = {
			isa = XCBuildConfiguration;
			buildSettings = {
				ASSETCATALOG_COMPILER_APPICON_NAME = AppIcon;
				ASSETCATALOG_COMPILER_LAUNCHIMAGE_NAME = LaunchImage;
				CODE_SIGN_STYLE = Automatic;
				DEVELOPMENT_TEAM = 77A4G5NWW9;
				INFOPLIST_FILE = JuliaCarsExperiment/Info.plist;
				IPHONEOS_DEPLOYMENT_TARGET = 11.4;
				LD_RUNPATH_SEARCH_PATHS = (
					"$(inherited)",
					"@executable_path/Frameworks",
				);
				PRODUCT_BUNDLE_IDENTIFIER = BuddingMindsLab.TianyuLu.JuliaCarsExperiment;
				PRODUCT_NAME = "$(TARGET_NAME)";
				SWIFT_VERSION = 4.2;
				TARGETED_DEVICE_FAMILY = "1,2";
			};
			name = Debug;
		};
		31A18DC821BABA40001A079B /* Release */ = {
			isa = XCBuildConfiguration;
			buildSettings = {
				ASSETCATALOG_COMPILER_APPICON_NAME = AppIcon;
				ASSETCATALOG_COMPILER_LAUNCHIMAGE_NAME = LaunchImage;
				CODE_SIGN_STYLE = Automatic;
				DEVELOPMENT_TEAM = 77A4G5NWW9;
				INFOPLIST_FILE = JuliaCarsExperiment/Info.plist;
				IPHONEOS_DEPLOYMENT_TARGET = 11.4;
				LD_RUNPATH_SEARCH_PATHS = (
					"$(inherited)",
					"@executable_path/Frameworks",
				);
				PRODUCT_BUNDLE_IDENTIFIER = BuddingMindsLab.TianyuLu.JuliaCarsExperiment;
				PRODUCT_NAME = "$(TARGET_NAME)";
				SWIFT_VERSION = 4.2;
				TARGETED_DEVICE_FAMILY = "1,2";
			};
			name = Release;
		};
/* End XCBuildConfiguration section */

/* Begin XCConfigurationList section */
		31A18DAF21BABA3E001A079B /* Build configuration list for PBXProject "JuliaCarsExperiment" */ = {
			isa = XCConfigurationList;
			buildConfigurations = (
				31A18DC421BABA40001A079B /* Debug */,
				31A18DC521BABA40001A079B /* Release */,
			);
			defaultConfigurationIsVisible = 0;
			defaultConfigurationName = Release;
		};
		31A18DC621BABA40001A079B /* Build configuration list for PBXNativeTarget "JuliaCarsExperiment" */ = {
			isa = XCConfigurationList;
			buildConfigurations = (
				31A18DC721BABA40001A079B /* Debug */,
				31A18DC821BABA40001A079B /* Release */,
			);
			defaultConfigurationIsVisible = 0;
			defaultConfigurationName = Release;
		};
/* End XCConfigurationList section */
	};
	rootObject = 31A18DAC21BABA3E001A079B /* Project object */;
}
